{
  "nodes": {
    "demo": {
      "inputs": {
        "nixpkgs": [
          "nixpkgs"
        ],
        "systems": [
          "systems"
        ]
      },
      "locked": {
        "lastModified": 1,
        "narHash": "sha256-egsAZtiEAO4up1Kx3PZ4UmuCvp2b0OA8l6FIguo+Xk8=",
        "path": "../simple",
        "type": "path"
      },
      "original": {
        "path": "../simple",
        "type": "path"
      }
    },
    "nixpkgs": {
      "locked": {
        "lastModified": 0,
        "narHash": "sha256-Kr/O/UlfqAtoFmkZeAaphsxogeaN8a/IugBApFzPfpk=",
        "path": "/nix/store/chj79hz14v92rmdhpgw8pr21gw50pkwk-source",
        "type": "path"
      },
      "original": {
        "id": "nixpkgs",
        "type": "indirect"
      }
    },
    "root": {
      "inputs": {
        "demo": "demo",
        "nixpkgs": "nixpkgs",
        "systems": "systems"
      }
    },
    "systems": {
      "flake": false,
      "locked": {
        "lastModified": 1,
        "narHash": "sha256-+BtyEh9+uBMy1IYnQ9Rr2Q6LZIkysSwxPOT8tb6QXM0=",
        "path": "./flake.systems",
        "type": "path"
      },
      "original": {
        "path": "./flake.systems",
        "type": "path"
      }
    }
  },
  "root": "root",
  "version": 7
}
