{
  "nodes": {
    "nixpkgs": {
      "locked": {
        "lastModified": 0,
        "narHash": "sha256-Kr/O/UlfqAtoFmkZeAaphsxogeaN8a/IugBApFzPfpk=",
        "path": "/nix/store/chj79hz14v92rmdhpgw8pr21gw50pkwk-source",
        "type": "path"
      },
      "original": {
        "id": "nixpkgs",
        "type": "indirect"
      }
    },
    "root": {
      "inputs": {
        "nixpkgs": "nixpkgs",
        "systems": "systems"
      }
    },
    "systems": {
      "locked": {
        "lastModified": 1680978266,
        "narHash": "sha256-kcW7fPFlnIT8mIGE6KyvxZNnS7nkOaFE4PlEiK0/ry8=",
        "owner": "numtide",
        "repo": "flake-systems",
        "rev": "44932e611b8f36df4351563ad05fe8cf67e4b140",
        "type": "github"
      },
      "original": {
        "owner": "numtide",
        "repo": "flake-systems",
        "type": "github"
      }
    }
  },
  "root": "root",
  "version": 7
}
