{
  "nodes": {
    "nixpkgs": {
      "locked": {
        "lastModified": 0,
        "narHash": "sha256-Kr/O/UlfqAtoFmkZeAaphsxogeaN8a/IugBApFzPfpk=",
        "path": "/nix/store/chj79hz14v92rmdhpgw8pr21gw50pkwk-source",
        "type": "path"
      },
      "original": {
        "id": "nixpkgs",
        "type": "indirect"
      }
    },
    "root": {
      "inputs": {
        "nixpkgs": "nixpkgs",
        "systems": "systems"
      }
    },
    "systems": {
      "locked": {
        "lastModified": 1680978952,
        "narHash": "sha256-myUeGVdO80okCLcxJaZ0ydWMZL+ne3iv1MfHE8r0W5I=",
        "owner": "nix-systems",
        "repo": "default",
        "rev": "d1ba6f735ca240089076feca2de432e4e9d01937",
        "type": "github"
      },
      "original": {
        "owner": "nix-systems",
        "repo": "default",
        "type": "github"
      }
    }
  },
  "root": "root",
  "version": 7
}
