{
  "nodes": {
    "nixpkgs": {
      "locked": {
        "lastModified": 0,
        "narHash": "sha256-Kr/O/UlfqAtoFmkZeAaphsxogeaN8a/IugBApFzPfpk=",
        "path": "/nix/store/chj79hz14v92rmdhpgw8pr21gw50pkwk-source",
        "type": "path"
      },
      "original": {
        "id": "nixpkgs",
        "type": "indirect"
      }
    },
    "root": {
      "inputs": {
        "nixpkgs": "nixpkgs",
        "systems": "systems"
      }
    },
    "systems": {
      "locked": {
        "lastModified": 1680980633,
        "narHash": "sha256-mz27VfAExPMYuoWsb1cf++DIyUWWBEbAvXD0BJ+AT/E=",
        "owner": "nix-systems",
        "repo": "default",
        "rev": "4e9a51a15ceb27e5141819142a7d2ee827943fc8",
        "type": "github"
      },
      "original": {
        "owner": "nix-systems",
        "repo": "default",
        "type": "github"
      }
    }
  },
  "root": "root",
  "version": 7
}
